
Microsoft Visual Studio Solution File, Format Version 12.00
# Visual Studio Version 16
VisualStudioVersion = 16.0.32126.315
MinimumVisualStudioVersion = 10.0.40219.1
Project("{FAE04EC0-301F-11D3-BF4B-00C04F79EFBC}") = "ExoRecap-Mastemind", "ExoRecap-Mastemind\ExoRecap-Mastemind.csproj", "{14E02DB8-74AC-45F1-BD11-D7CEF6F1FE3D}"
EndProject
Project("{FAE04EC0-301F-11D3-BF4B-00C04F79EFBC}") = "ExoRecap-Minesweeper", "ExoRecap-Minesweeper\ExoRecap-Minesweeper.csproj", "{34689C90-ED01-4C02-B504-5C7DC605ED82}"
EndProject
Global
	GlobalSection(SolutionConfigurationPlatforms) = preSolution
		Debug|Any CPU = Debug|Any CPU
		Release|Any CPU = Release|Any CPU
	EndGlobalSection
	GlobalSection(ProjectConfigurationPlatforms) = postSolution
		{14E02DB8-74AC-45F1-BD11-D7CEF6F1FE3D}.Debug|Any CPU.ActiveCfg = Debug|Any CPU
		{14E02DB8-74AC-45F1-BD11-D7CEF6F1FE3D}.Debug|Any CPU.Build.0 = Debug|Any CPU
		{14E02DB8-74AC-45F1-BD11-D7CEF6F1FE3D}.Release|Any CPU.ActiveCfg = Release|Any CPU
		{14E02DB8-74AC-45F1-BD11-D7CEF6F1FE3D}.Release|Any CPU.Build.0 = Release|Any CPU
		{34689C90-ED01-4C02-B504-5C7DC605ED82}.Debug|Any CPU.ActiveCfg = Debug|Any CPU
		{34689C90-ED01-4C02-B504-5C7DC605ED82}.Debug|Any CPU.Build.0 = Debug|Any CPU
		{34689C90-ED01-4C02-B504-5C7DC605ED82}.Release|Any CPU.ActiveCfg = Release|Any CPU
		{34689C90-ED01-4C02-B504-5C7DC605ED82}.Release|Any CPU.Build.0 = Release|Any CPU
	EndGlobalSection
	GlobalSection(SolutionProperties) = preSolution
		HideSolutionNode = FALSE
	EndGlobalSection
	GlobalSection(ExtensibilityGlobals) = postSolution
		SolutionGuid = {58B8FEE1-ACAC-4C72-81BD-4837E25D9841}
	EndGlobalSection
EndGlobal
